{
  "object": {
    "pins": [
      {
        "package": "StoryBars",
        "repositoryURL": "https://github.com/yusif-projects/StoryBars",
        "state": {
          "branch": "main",
          "revision": "37a013e66477df5cfce61b86bacadd84180d111f",
          "version": null
        }
      }
    ]
  },
  "version": 1
}
