{
  "object": {
    "pins": [
      {
        "package": "StoryBars",
        "repositoryURL": "https://github.com/yusif-projects/StoryBars",
        "state": {
          "branch": "main",
          "revision": "f49cca6bdb2c374ca1dbf6e63a15c5770804c6bb",
          "version": null
        }
      }
    ]
  },
  "version": 1
}
