{
  "object": {
    "pins": [
      {
        "package": "StoryBars",
        "repositoryURL": "https://github.com/yusif-projects/StoryBars",
        "state": {
          "branch": "main",
          "revision": "08de2b51360f1e8a2931426337e4e38f31eec0c4",
          "version": null
        }
      }
    ]
  },
  "version": 1
}
